
Microsoft Visual Studio Solution File, Format Version 12.00
# Visual Studio Version 16
VisualStudioVersion = 16.0.34031.81
MinimumVisualStudioVersion = 10.0.40219.1
Project("{FAE04EC0-301F-11D3-BF4B-00C04F79EFBC}") = "PowerPoint", "PowerPoint\PowerPoint.csproj", "{EA5A4FE9-008B-4659-A086-38727A565EDC}"
EndProject
Project("{FAE04EC0-301F-11D3-BF4B-00C04F79EFBC}") = "PowerPointTests", "PowerPointTests\PowerPointTests.csproj", "{CEB4B92B-6FC1-4769-8AEA-F1E034AC6B10}"
EndProject
Global
	GlobalSection(SolutionConfigurationPlatforms) = preSolution
		Debug|Any CPU = Debug|Any CPU
		Release|Any CPU = Release|Any CPU
	EndGlobalSection
	GlobalSection(ProjectConfigurationPlatforms) = postSolution
		{EA5A4FE9-008B-4659-A086-38727A565EDC}.Debug|Any CPU.ActiveCfg = Debug|Any CPU
		{EA5A4FE9-008B-4659-A086-38727A565EDC}.Debug|Any CPU.Build.0 = Debug|Any CPU
		{EA5A4FE9-008B-4659-A086-38727A565EDC}.Release|Any CPU.ActiveCfg = Release|Any CPU
		{EA5A4FE9-008B-4659-A086-38727A565EDC}.Release|Any CPU.Build.0 = Release|Any CPU
		{CEB4B92B-6FC1-4769-8AEA-F1E034AC6B10}.Debug|Any CPU.ActiveCfg = Debug|Any CPU
		{CEB4B92B-6FC1-4769-8AEA-F1E034AC6B10}.Debug|Any CPU.Build.0 = Debug|Any CPU
		{CEB4B92B-6FC1-4769-8AEA-F1E034AC6B10}.Release|Any CPU.ActiveCfg = Release|Any CPU
		{CEB4B92B-6FC1-4769-8AEA-F1E034AC6B10}.Release|Any CPU.Build.0 = Release|Any CPU
	EndGlobalSection
	GlobalSection(SolutionProperties) = preSolution
		HideSolutionNode = FALSE
	EndGlobalSection
	GlobalSection(ExtensibilityGlobals) = postSolution
		SolutionGuid = {C9A807BA-5B2F-43A7-9111-8798FAAF3F89}
	EndGlobalSection
EndGlobal
